// !$*UTF8*$!
{
	archiveVersion = 1;
	classes = {
	};
	objectVersion = 56;
	objects = {

/* Begin PBXBuildFile section */
		64A72B592A7979CE00F6651D /* TheraCareApp.swift in Sources */ = {isa = PBXBuildFile; fileRef = 64A72B582A7979CE00F6651D /* TheraCareApp.swift */; };
		64A72B5B2A7979CE00F6651D /* ContentView.swift in Sources */ = {isa = PBXBuildFile; fileRef = 64A72B5A2A7979CE00F6651D /* ContentView.swift */; };
		64A72B5D2A7979D000F6651D /* Assets.xcassets in Resources */ = {isa = PBXBuildFile; fileRef = 64A72B5C2A7979D000F6651D /* Assets.xcassets */; };
		64A72B602A7979D000F6651D /* Preview Assets.xcassets in Resources */ = {isa = PBXBuildFile; fileRef = 64A72B5F2A7979D000F6651D /* Preview Assets.xcassets */; };
		64A72B6A2A7979D000F6651D /* TheraCareTests.swift in Sources */ = {isa = PBXBuildFile; fileRef = 64A72B692A7979D000F6651D /* TheraCareTests.swift */; };
		64A72B742A7979D000F6651D /* TheraCareUITests.swift in Sources */ = {isa = PBXBuildFile; fileRef = 64A72B732A7979D000F6651D /* TheraCareUITests.swift */; };
		64A72B762A7979D000F6651D /* TheraCareUITestsLaunchTests.swift in Sources */ = {isa = PBXBuildFile; fileRef = 64A72B752A7979D000F6651D /* TheraCareUITestsLaunchTests.swift */; };
		64C4713D2A7AB57300765D03 /* README.MD in Resources */ = {isa = PBXBuildFile; fileRef = 64C4713C2A7AB57300765D03 /* README.MD */; };
		64C4713F2A7AC44800765D03 /* utils.swift in Sources */ = {isa = PBXBuildFile; fileRef = 64C4713E2A7AC44800765D03 /* utils.swift */; };
		8E8DC74C2A814DE70024EF98 /* ScrollSection.swift in Sources */ = {isa = PBXBuildFile; fileRef = 8E8DC74B2A814DE70024EF98 /* ScrollSection.swift */; };
/* End PBXBuildFile section */

/* Begin PBXContainerItemProxy section */
		64A72B662A7979D000F6651D /* PBXContainerItemProxy */ = {
			isa = PBXContainerItemProxy;
			containerPortal = 64A72B4D2A7979CE00F6651D /* Project object */;
			proxyType = 1;
			remoteGlobalIDString = 64A72B542A7979CE00F6651D;
			remoteInfo = TheraCare;
		};
		64A72B702A7979D000F6651D /* PBXContainerItemProxy */ = {
			isa = PBXContainerItemProxy;
			containerPortal = 64A72B4D2A7979CE00F6651D /* Project object */;
			proxyType = 1;
			remoteGlobalIDString = 64A72B542A7979CE00F6651D;
			remoteInfo = TheraCare;
		};
/* End PBXContainerItemProxy section */

/* Begin PBXFileReference section */
		64A72B552A7979CE00F6651D /* TheraCare.app */ = {isa = PBXFileReference; explicitFileType = wrapper.application; includeInIndex = 0; path = TheraCare.app; sourceTree = BUILT_PRODUCTS_DIR; };
		64A72B582A7979CE00F6651D /* TheraCareApp.swift */ = {isa = PBXFileReference; lastKnownFileType = sourcecode.swift; path = TheraCareApp.swift; sourceTree = "<group>"; };
		64A72B5A2A7979CE00F6651D /* ContentView.swift */ = {isa = PBXFileReference; lastKnownFileType = sourcecode.swift; path = ContentView.swift; sourceTree = "<group>"; };
		64A72B5C2A7979D000F6651D /* Assets.xcassets */ = {isa = PBXFileReference; lastKnownFileType = folder.assetcatalog; path = Assets.xcassets; sourceTree = "<group>"; };
		64A72B5F2A7979D000F6651D /* Preview Assets.xcassets */ = {isa = PBXFileReference; lastKnownFileType = folder.assetcatalog; path = "Preview Assets.xcassets"; sourceTree = "<group>"; };
		64A72B652A7979D000F6651D /* TheraCareTests.xctest */ = {isa = PBXFileReference; explicitFileType = wrapper.cfbundle; includeInIndex = 0; path = TheraCareTests.xctest; sourceTree = BUILT_PRODUCTS_DIR; };
		64A72B692A7979D000F6651D /* TheraCareTests.swift */ = {isa = PBXFileReference; lastKnownFileType = sourcecode.swift; path = TheraCareTests.swift; sourceTree = "<group>"; };
		64A72B6F2A7979D000F6651D /* TheraCareUITests.xctest */ = {isa = PBXFileReference; explicitFileType = wrapper.cfbundle; includeInIndex = 0; path = TheraCareUITests.xctest; sourceTree = BUILT_PRODUCTS_DIR; };
		64A72B732A7979D000F6651D /* TheraCareUITests.swift */ = {isa = PBXFileReference; lastKnownFileType = sourcecode.swift; path = TheraCareUITests.swift; sourceTree = "<group>"; };
		64A72B752A7979D000F6651D /* TheraCareUITestsLaunchTests.swift */ = {isa = PBXFileReference; lastKnownFileType = sourcecode.swift; path = TheraCareUITestsLaunchTests.swift; sourceTree = "<group>"; };
		64C4713C2A7AB57300765D03 /* README.MD */ = {isa = PBXFileReference; lastKnownFileType = net.daringfireball.markdown; path = README.MD; sourceTree = "<group>"; };
		64C4713E2A7AC44800765D03 /* utils.swift */ = {isa = PBXFileReference; lastKnownFileType = sourcecode.swift; path = utils.swift; sourceTree = "<group>"; };
		8E8DC74B2A814DE70024EF98 /* ScrollSection.swift */ = {isa = PBXFileReference; lastKnownFileType = sourcecode.swift; path = ScrollSection.swift; sourceTree = "<group>"; };
/* End PBXFileReference section */

/* Begin PBXFrameworksBuildPhase section */
		64A72B522A7979CE00F6651D /* Frameworks */ = {
			isa = PBXFrameworksBuildPhase;
			buildActionMask = 2147483647;
			files = (
			);
			runOnlyForDeploymentPostprocessing = 0;
		};
		64A72B622A7979D000F6651D /* Frameworks */ = {
			isa = PBXFrameworksBuildPhase;
			buildActionMask = 2147483647;
			files = (
			);
			runOnlyForDeploymentPostprocessing = 0;
		};
		64A72B6C2A7979D000F6651D /* Frameworks */ = {
			isa = PBXFrameworksBuildPhase;
			buildActionMask = 2147483647;
			files = (
			);
			runOnlyForDeploymentPostprocessing = 0;
		};
/* End PBXFrameworksBuildPhase section */

/* Begin PBXGroup section */
		64A72B4C2A7979CE00F6651D = {
			isa = PBXGroup;
			children = (
				64C4713C2A7AB57300765D03 /* README.MD */,
				64A72B572A7979CE00F6651D /* TheraCare */,
				64A72B682A7979D000F6651D /* TheraCareTests */,
				64A72B722A7979D000F6651D /* TheraCareUITests */,
				64A72B562A7979CE00F6651D /* Products */,
			);
			sourceTree = "<group>";
		};
		64A72B562A7979CE00F6651D /* Products */ = {
			isa = PBXGroup;
			children = (
				64A72B552A7979CE00F6651D /* TheraCare.app */,
				64A72B652A7979D000F6651D /* TheraCareTests.xctest */,
				64A72B6F2A7979D000F6651D /* TheraCareUITests.xctest */,
			);
			name = Products;
			sourceTree = "<group>";
		};
		64A72B572A7979CE00F6651D /* TheraCare */ = {
			isa = PBXGroup;
			children = (
				64A72B582A7979CE00F6651D /* TheraCareApp.swift */,
				64A72B5A2A7979CE00F6651D /* ContentView.swift */,
				8E8DC74B2A814DE70024EF98 /* ScrollSection.swift */,
				64A72B5C2A7979D000F6651D /* Assets.xcassets */,
				64A72B5E2A7979D000F6651D /* Preview Content */,
			);
			path = TheraCare;
			sourceTree = "<group>";
		};
		64A72B5E2A7979D000F6651D /* Preview Content */ = {
			isa = PBXGroup;
			children = (
				64A72B5F2A7979D000F6651D /* Preview Assets.xcassets */,
				64C4713E2A7AC44800765D03 /* utils.swift */,
			);
			path = "Preview Content";
			sourceTree = "<group>";
		};
		64A72B682A7979D000F6651D /* TheraCareTests */ = {
			isa = PBXGroup;
			children = (
				64A72B692A7979D000F6651D /* TheraCareTests.swift */,
			);
			path = TheraCareTests;
			sourceTree = "<group>";
		};
		64A72B722A7979D000F6651D /* TheraCareUITests */ = {
			isa = PBXGroup;
			children = (
				64A72B732A7979D000F6651D /* TheraCareUITests.swift */,
				64A72B752A7979D000F6651D /* TheraCareUITestsLaunchTests.swift */,
			);
			path = TheraCareUITests;
			sourceTree = "<group>";
		};
/* End PBXGroup section */

/* Begin PBXNativeTarget section */
		64A72B542A7979CE00F6651D /* TheraCare */ = {
			isa = PBXNativeTarget;
			buildConfigurationList = 64A72B792A7979D000F6651D /* Build configuration list for PBXNativeTarget "TheraCare" */;
			buildPhases = (
				64A72B512A7979CE00F6651D /* Sources */,
				64A72B522A7979CE00F6651D /* Frameworks */,
				64A72B532A7979CE00F6651D /* Resources */,
			);
			buildRules = (
			);
			dependencies = (
			);
			name = TheraCare;
			productName = TheraCare;
			productReference = 64A72B552A7979CE00F6651D /* TheraCare.app */;
			productType = "com.apple.product-type.application";
		};
		64A72B642A7979D000F6651D /* TheraCareTests */ = {
			isa = PBXNativeTarget;
			buildConfigurationList = 64A72B7C2A7979D000F6651D /* Build configuration list for PBXNativeTarget "TheraCareTests" */;
			buildPhases = (
				64A72B612A7979D000F6651D /* Sources */,
				64A72B622A7979D000F6651D /* Frameworks */,
				64A72B632A7979D000F6651D /* Resources */,
			);
			buildRules = (
			);
			dependencies = (
				64A72B672A7979D000F6651D /* PBXTargetDependency */,
			);
			name = TheraCareTests;
			productName = TheraCareTests;
			productReference = 64A72B652A7979D000F6651D /* TheraCareTests.xctest */;
			productType = "com.apple.product-type.bundle.unit-test";
		};
		64A72B6E2A7979D000F6651D /* TheraCareUITests */ = {
			isa = PBXNativeTarget;
			buildConfigurationList = 64A72B7F2A7979D000F6651D /* Build configuration list for PBXNativeTarget "TheraCareUITests" */;
			buildPhases = (
				64A72B6B2A7979D000F6651D /* Sources */,
				64A72B6C2A7979D000F6651D /* Frameworks */,
				64A72B6D2A7979D000F6651D /* Resources */,
			);
			buildRules = (
			);
			dependencies = (
				64A72B712A7979D000F6651D /* PBXTargetDependency */,
			);
			name = TheraCareUITests;
			productName = TheraCareUITests;
			productReference = 64A72B6F2A7979D000F6651D /* TheraCareUITests.xctest */;
			productType = "com.apple.product-type.bundle.ui-testing";
		};
/* End PBXNativeTarget section */

/* Begin PBXProject section */
		64A72B4D2A7979CE00F6651D /* Project object */ = {
			isa = PBXProject;
			attributes = {
				BuildIndependentTargetsInParallel = 1;
				LastSwiftUpdateCheck = 1430;
				LastUpgradeCheck = 1430;
				TargetAttributes = {
					64A72B542A7979CE00F6651D = {
						CreatedOnToolsVersion = 14.3.1;
					};
					64A72B642A7979D000F6651D = {
						CreatedOnToolsVersion = 14.3.1;
						TestTargetID = 64A72B542A7979CE00F6651D;
					};
					64A72B6E2A7979D000F6651D = {
						CreatedOnToolsVersion = 14.3.1;
						TestTargetID = 64A72B542A7979CE00F6651D;
					};
				};
			};
			buildConfigurationList = 64A72B502A7979CE00F6651D /* Build configuration list for PBXProject "TheraCare" */;
			compatibilityVersion = "Xcode 14.0";
			developmentRegion = en;
			hasScannedForEncodings = 0;
			knownRegions = (
				en,
				Base,
			);
			mainGroup = 64A72B4C2A7979CE00F6651D;
			productRefGroup = 64A72B562A7979CE00F6651D /* Products */;
			projectDirPath = "";
			projectRoot = "";
			targets = (
				64A72B542A7979CE00F6651D /* TheraCare */,
				64A72B642A7979D000F6651D /* TheraCareTests */,
				64A72B6E2A7979D000F6651D /* TheraCareUITests */,
			);
		};
/* End PBXProject section */

/* Begin PBXResourcesBuildPhase section */
		64A72B532A7979CE00F6651D /* Resources */ = {
			isa = PBXResourcesBuildPhase;
			buildActionMask = 2147483647;
			files = (
				64C4713D2A7AB57300765D03 /* README.MD in Resources */,
				64A72B602A7979D000F6651D /* Preview Assets.xcassets in Resources */,
				64A72B5D2A7979D000F6651D /* Assets.xcassets in Resources */,
			);
			runOnlyForDeploymentPostprocessing = 0;
		};
		64A72B632A7979D000F6651D /* Resources */ = {
			isa = PBXResourcesBuildPhase;
			buildActionMask = 2147483647;
			files = (
			);
			runOnlyForDeploymentPostprocessing = 0;
		};
		64A72B6D2A7979D000F6651D /* Resources */ = {
			isa = PBXResourcesBuildPhase;
			buildActionMask = 2147483647;
			files = (
			);
			runOnlyForDeploymentPostprocessing = 0;
		};
/* End PBXResourcesBuildPhase section */

/* Begin PBXSourcesBuildPhase section */
		64A72B512A7979CE00F6651D /* Sources */ = {
			isa = PBXSourcesBuildPhase;
			buildActionMask = 2147483647;
			files = (
				64C4713F2A7AC44800765D03 /* utils.swift in Sources */,
				64A72B5B2A7979CE00F6651D /* ContentView.swift in Sources */,
				8E8DC74C2A814DE70024EF98 /* ScrollSection.swift in Sources */,
				64A72B592A7979CE00F6651D /* TheraCareApp.swift in Sources */,
			);
			runOnlyForDeploymentPostprocessing = 0;
		};
		64A72B612A7979D000F6651D /* Sources */ = {
			isa = PBXSourcesBuildPhase;
			buildActionMask = 2147483647;
			files = (
				64A72B6A2A7979D000F6651D /* TheraCareTests.swift in Sources */,
			);
			runOnlyForDeploymentPostprocessing = 0;
		};
		64A72B6B2A7979D000F6651D /* Sources */ = {
			isa = PBXSourcesBuildPhase;
			buildActionMask = 2147483647;
			files = (
				64A72B762A7979D000F6651D /* TheraCareUITestsLaunchTests.swift in Sources */,
				64A72B742A7979D000F6651D /* TheraCareUITests.swift in Sources */,
			);
			runOnlyForDeploymentPostprocessing = 0;
		};
/* End PBXSourcesBuildPhase section */

/* Begin PBXTargetDependency section */
		64A72B672A7979D000F6651D /* PBXTargetDependency */ = {
			isa = PBXTargetDependency;
			target = 64A72B542A7979CE00F6651D /* TheraCare */;
			targetProxy = 64A72B662A7979D000F6651D /* PBXContainerItemProxy */;
		};
		64A72B712A7979D000F6651D /* PBXTargetDependency */ = {
			isa = PBXTargetDependency;
			target = 64A72B542A7979CE00F6651D /* TheraCare */;
			targetProxy = 64A72B702A7979D000F6651D /* PBXContainerItemProxy */;
		};
/* End PBXTargetDependency section */

/* Begin XCBuildConfiguration section */
		64A72B772A7979D000F6651D /* Debug */ = {
			isa = XCBuildConfiguration;
			buildSettings = {
				ALWAYS_SEARCH_USER_PATHS = NO;
				CLANG_ANALYZER_NONNULL = YES;
				CLANG_ANALYZER_NUMBER_OBJECT_CONVERSION = YES_AGGRESSIVE;
				CLANG_CXX_LANGUAGE_STANDARD = "gnu++20";
				CLANG_ENABLE_MODULES = YES;
				CLANG_ENABLE_OBJC_ARC = YES;
				CLANG_ENABLE_OBJC_WEAK = YES;
				CLANG_WARN_BLOCK_CAPTURE_AUTORELEASING = YES;
				CLANG_WARN_BOOL_CONVERSION = YES;
				CLANG_WARN_COMMA = YES;
				CLANG_WARN_CONSTANT_CONVERSION = YES;
				CLANG_WARN_DEPRECATED_OBJC_IMPLEMENTATIONS = YES;
				CLANG_WARN_DIRECT_OBJC_ISA_USAGE = YES_ERROR;
				CLANG_WARN_DOCUMENTATION_COMMENTS = YES;
				CLANG_WARN_EMPTY_BODY = YES;
				CLANG_WARN_ENUM_CONVERSION = YES;
				CLANG_WARN_INFINITE_RECURSION = YES;
				CLANG_WARN_INT_CONVERSION = YES;
				CLANG_WARN_NON_LITERAL_NULL_CONVERSION = YES;
				CLANG_WARN_OBJC_IMPLICIT_RETAIN_SELF = YES;
				CLANG_WARN_OBJC_LITERAL_CONVERSION = YES;
				CLANG_WARN_OBJC_ROOT_CLASS = YES_ERROR;
				CLANG_WARN_QUOTED_INCLUDE_IN_FRAMEWORK_HEADER = YES;
				CLANG_WARN_RANGE_LOOP_ANALYSIS = YES;
				CLANG_WARN_STRICT_PROTOTYPES = YES;
				CLANG_WARN_SUSPICIOUS_MOVE = YES;
				CLANG_WARN_UNGUARDED_AVAILABILITY = YES_AGGRESSIVE;
				CLANG_WARN_UNREACHABLE_CODE = YES;
				CLANG_WARN__DUPLICATE_METHOD_MATCH = YES;
				COPY_PHASE_STRIP = NO;
				DEBUG_INFORMATION_FORMAT = dwarf;
				ENABLE_STRICT_OBJC_MSGSEND = YES;
				ENABLE_TESTABILITY = YES;
				GCC_C_LANGUAGE_STANDARD = gnu11;
				GCC_DYNAMIC_NO_PIC = NO;
				GCC_NO_COMMON_BLOCKS = YES;
				GCC_OPTIMIZATION_LEVEL = 0;
				GCC_PREPROCESSOR_DEFINITIONS = (
					"DEBUG=1",
					"$(inherited)",
				);
				GCC_WARN_64_TO_32_BIT_CONVERSION = YES;
				GCC_WARN_ABOUT_RETURN_TYPE = YES_ERROR;
				GCC_WARN_UNDECLARED_SELECTOR = YES;
				GCC_WARN_UNINITIALIZED_AUTOS = YES_AGGRESSIVE;
				GCC_WARN_UNUSED_FUNCTION = YES;
				GCC_WARN_UNUSED_VARIABLE = YES;
				IPHONEOS_DEPLOYMENT_TARGET = 16.4;
				MTL_ENABLE_DEBUG_INFO = INCLUDE_SOURCE;
				MTL_FAST_MATH = YES;
				ONLY_ACTIVE_ARCH = YES;
				SDKROOT = iphoneos;
				SWIFT_ACTIVE_COMPILATION_CONDITIONS = DEBUG;
				SWIFT_OPTIMIZATION_LEVEL = "-Onone";
			};
			name = Debug;
		};
		64A72B782A7979D000F6651D /* Release */ = {
			isa = XCBuildConfiguration;
			buildSettings = {
				ALWAYS_SEARCH_USER_PATHS = NO;
				CLANG_ANALYZER_NONNULL = YES;
				CLANG_ANALYZER_NUMBER_OBJECT_CONVERSION = YES_AGGRESSIVE;
				CLANG_CXX_LANGUAGE_STANDARD = "gnu++20";
				CLANG_ENABLE_MODULES = YES;
				CLANG_ENABLE_OBJC_ARC = YES;
				CLANG_ENABLE_OBJC_WEAK = YES;
				CLANG_WARN_BLOCK_CAPTURE_AUTORELEASING = YES;
				CLANG_WARN_BOOL_CONVERSION = YES;
				CLANG_WARN_COMMA = YES;
				CLANG_WARN_CONSTANT_CONVERSION = YES;
				CLANG_WARN_DEPRECATED_OBJC_IMPLEMENTATIONS = YES;
				CLANG_WARN_DIRECT_OBJC_ISA_USAGE = YES_ERROR;
				CLANG_WARN_DOCUMENTATION_COMMENTS = YES;
				CLANG_WARN_EMPTY_BODY = YES;
				CLANG_WARN_ENUM_CONVERSION = YES;
				CLANG_WARN_INFINITE_RECURSION = YES;
				CLANG_WARN_INT_CONVERSION = YES;
				CLANG_WARN_NON_LITERAL_NULL_CONVERSION = YES;
				CLANG_WARN_OBJC_IMPLICIT_RETAIN_SELF = YES;
				CLANG_WARN_OBJC_LITERAL_CONVERSION = YES;
				CLANG_WARN_OBJC_ROOT_CLASS = YES_ERROR;
				CLANG_WARN_QUOTED_INCLUDE_IN_FRAMEWORK_HEADER = YES;
				CLANG_WARN_RANGE_LOOP_ANALYSIS = YES;
				CLANG_WARN_STRICT_PROTOTYPES = YES;
				CLANG_WARN_SUSPICIOUS_MOVE = YES;
				CLANG_WARN_UNGUARDED_AVAILABILITY = YES_AGGRESSIVE;
				CLANG_WARN_UNREACHABLE_CODE = YES;
				CLANG_WARN__DUPLICATE_METHOD_MATCH = YES;
				COPY_PHASE_STRIP = NO;
				DEBUG_INFORMATION_FORMAT = "dwarf-with-dsym";
				ENABLE_NS_ASSERTIONS = NO;
				ENABLE_STRICT_OBJC_MSGSEND = YES;
				GCC_C_LANGUAGE_STANDARD = gnu11;
				GCC_NO_COMMON_BLOCKS = YES;
				GCC_WARN_64_TO_32_BIT_CONVERSION = YES;
				GCC_WARN_ABOUT_RETURN_TYPE = YES_ERROR;
				GCC_WARN_UNDECLARED_SELECTOR = YES;
				GCC_WARN_UNINITIALIZED_AUTOS = YES_AGGRESSIVE;
				GCC_WARN_UNUSED_FUNCTION = YES;
				GCC_WARN_UNUSED_VARIABLE = YES;
				IPHONEOS_DEPLOYMENT_TARGET = 16.4;
				MTL_ENABLE_DEBUG_INFO = NO;
				MTL_FAST_MATH = YES;
				SDKROOT = iphoneos;
				SWIFT_COMPILATION_MODE = wholemodule;
				SWIFT_OPTIMIZATION_LEVEL = "-O";
				VALIDATE_PRODUCT = YES;
			};
			name = Release;
		};
		64A72B7A2A7979D000F6651D /* Debug */ = {
			isa = XCBuildConfiguration;
			buildSettings = {
				ASSETCATALOG_COMPILER_APPICON_NAME = AppIcon;
				ASSETCATALOG_COMPILER_GLOBAL_ACCENT_COLOR_NAME = AccentColor;
				CODE_SIGN_STYLE = Automatic;
				CURRENT_PROJECT_VERSION = 1;
				DEVELOPMENT_ASSET_PATHS = "\"TheraCare/Preview Content\"";
				DEVELOPMENT_TEAM = 72NRSX3F2G;
				ENABLE_PREVIEWS = YES;
				GENERATE_INFOPLIST_FILE = YES;
				INFOPLIST_KEY_UIApplicationSceneManifest_Generation = YES;
				INFOPLIST_KEY_UIApplicationSupportsIndirectInputEvents = YES;
				INFOPLIST_KEY_UILaunchScreen_Generation = YES;
				INFOPLIST_KEY_UISupportedInterfaceOrientations_iPad = "UIInterfaceOrientationPortrait UIInterfaceOrientationPortraitUpsideDown UIInterfaceOrientationLandscapeLeft UIInterfaceOrientationLandscapeRight";
				INFOPLIST_KEY_UISupportedInterfaceOrientations_iPhone = "UIInterfaceOrientationPortrait UIInterfaceOrientationLandscapeLeft UIInterfaceOrientationLandscapeRight";
				LD_RUNPATH_SEARCH_PATHS = (
					"$(inherited)",
					"@executable_path/Frameworks",
				);
				MARKETING_VERSION = 1.0;
				PRODUCT_BUNDLE_IDENTIFIER = Gcode.TheraCare;
				PRODUCT_NAME = "$(TARGET_NAME)";
				SWIFT_EMIT_LOC_STRINGS = YES;
				SWIFT_VERSION = 5.0;
				TARGETED_DEVICE_FAMILY = "1,2";
			};
			name = Debug;
		};
		64A72B7B2A7979D000F6651D /* Release */ = {
			isa = XCBuildConfiguration;
			buildSettings = {
				ASSETCATALOG_COMPILER_APPICON_NAME = AppIcon;
				ASSETCATALOG_COMPILER_GLOBAL_ACCENT_COLOR_NAME = AccentColor;
				CODE_SIGN_STYLE = Automatic;
				CURRENT_PROJECT_VERSION = 1;
				DEVELOPMENT_ASSET_PATHS = "\"TheraCare/Preview Content\"";
				DEVELOPMENT_TEAM = 72NRSX3F2G;
				ENABLE_PREVIEWS = YES;
				GENERATE_INFOPLIST_FILE = YES;
				INFOPLIST_KEY_UIApplicationSceneManifest_Generation = YES;
				INFOPLIST_KEY_UIApplicationSupportsIndirectInputEvents = YES;
				INFOPLIST_KEY_UILaunchScreen_Generation = YES;
				INFOPLIST_KEY_UISupportedInterfaceOrientations_iPad = "UIInterfaceOrientationPortrait UIInterfaceOrientationPortraitUpsideDown UIInterfaceOrientationLandscapeLeft UIInterfaceOrientationLandscapeRight";
				INFOPLIST_KEY_UISupportedInterfaceOrientations_iPhone = "UIInterfaceOrientationPortrait UIInterfaceOrientationLandscapeLeft UIInterfaceOrientationLandscapeRight";
				LD_RUNPATH_SEARCH_PATHS = (
					"$(inherited)",
					"@executable_path/Frameworks",
				);
				MARKETING_VERSION = 1.0;
				PRODUCT_BUNDLE_IDENTIFIER = Gcode.TheraCare;
				PRODUCT_NAME = "$(TARGET_NAME)";
				SWIFT_EMIT_LOC_STRINGS = YES;
				SWIFT_VERSION = 5.0;
				TARGETED_DEVICE_FAMILY = "1,2";
			};
			name = Release;
		};
		64A72B7D2A7979D000F6651D /* Debug */ = {
			isa = XCBuildConfiguration;
			buildSettings = {
				ALWAYS_EMBED_SWIFT_STANDARD_LIBRARIES = YES;
				BUNDLE_LOADER = "$(TEST_HOST)";
				CODE_SIGN_STYLE = Automatic;
				CURRENT_PROJECT_VERSION = 1;
				DEVELOPMENT_TEAM = 72NRSX3F2G;
				GENERATE_INFOPLIST_FILE = YES;
				IPHONEOS_DEPLOYMENT_TARGET = 16.4;
				MARKETING_VERSION = 1.0;
				PRODUCT_BUNDLE_IDENTIFIER = Gcode.TheraCareTests;
				PRODUCT_NAME = "$(TARGET_NAME)";
				SWIFT_EMIT_LOC_STRINGS = NO;
				SWIFT_VERSION = 5.0;
				TARGETED_DEVICE_FAMILY = "1,2";
				TEST_HOST = "$(BUILT_PRODUCTS_DIR)/TheraCare.app/$(BUNDLE_EXECUTABLE_FOLDER_PATH)/TheraCare";
			};
			name = Debug;
		};
		64A72B7E2A7979D000F6651D /* Release */ = {
			isa = XCBuildConfiguration;
			buildSettings = {
				ALWAYS_EMBED_SWIFT_STANDARD_LIBRARIES = YES;
				BUNDLE_LOADER = "$(TEST_HOST)";
				CODE_SIGN_STYLE = Automatic;
				CURRENT_PROJECT_VERSION = 1;
				DEVELOPMENT_TEAM = 72NRSX3F2G;
				GENERATE_INFOPLIST_FILE = YES;
				IPHONEOS_DEPLOYMENT_TARGET = 16.4;
				MARKETING_VERSION = 1.0;
				PRODUCT_BUNDLE_IDENTIFIER = Gcode.TheraCareTests;
				PRODUCT_NAME = "$(TARGET_NAME)";
				SWIFT_EMIT_LOC_STRINGS = NO;
				SWIFT_VERSION = 5.0;
				TARGETED_DEVICE_FAMILY = "1,2";
				TEST_HOST = "$(BUILT_PRODUCTS_DIR)/TheraCare.app/$(BUNDLE_EXECUTABLE_FOLDER_PATH)/TheraCare";
			};
			name = Release;
		};
		64A72B802A7979D000F6651D /* Debug */ = {
			isa = XCBuildConfiguration;
			buildSettings = {
				ALWAYS_EMBED_SWIFT_STANDARD_LIBRARIES = YES;
				CODE_SIGN_STYLE = Automatic;
				CURRENT_PROJECT_VERSION = 1;
				DEVELOPMENT_TEAM = 72NRSX3F2G;
				GENERATE_INFOPLIST_FILE = YES;
				MARKETING_VERSION = 1.0;
				PRODUCT_BUNDLE_IDENTIFIER = Gcode.TheraCareUITests;
				PRODUCT_NAME = "$(TARGET_NAME)";
				SWIFT_EMIT_LOC_STRINGS = NO;
				SWIFT_VERSION = 5.0;
				TARGETED_DEVICE_FAMILY = "1,2";
				TEST_TARGET_NAME = TheraCare;
			};
			name = Debug;
		};
		64A72B812A7979D000F6651D /* Release */ = {
			isa = XCBuildConfiguration;
			buildSettings = {
				ALWAYS_EMBED_SWIFT_STANDARD_LIBRARIES = YES;
				CODE_SIGN_STYLE = Automatic;
				CURRENT_PROJECT_VERSION = 1;
				DEVELOPMENT_TEAM = 72NRSX3F2G;
				GENERATE_INFOPLIST_FILE = YES;
				MARKETING_VERSION = 1.0;
				PRODUCT_BUNDLE_IDENTIFIER = Gcode.TheraCareUITests;
				PRODUCT_NAME = "$(TARGET_NAME)";
				SWIFT_EMIT_LOC_STRINGS = NO;
				SWIFT_VERSION = 5.0;
				TARGETED_DEVICE_FAMILY = "1,2";
				TEST_TARGET_NAME = TheraCare;
			};
			name = Release;
		};
/* End XCBuildConfiguration section */

/* Begin XCConfigurationList section */
		64A72B502A7979CE00F6651D /* Build configuration list for PBXProject "TheraCare" */ = {
			isa = XCConfigurationList;
			buildConfigurations = (
				64A72B772A7979D000F6651D /* Debug */,
				64A72B782A7979D000F6651D /* Release */,
			);
			defaultConfigurationIsVisible = 0;
			defaultConfigurationName = Release;
		};
		64A72B792A7979D000F6651D /* Build configuration list for PBXNativeTarget "TheraCare" */ = {
			isa = XCConfigurationList;
			buildConfigurations = (
				64A72B7A2A7979D000F6651D /* Debug */,
				64A72B7B2A7979D000F6651D /* Release */,
			);
			defaultConfigurationIsVisible = 0;
			defaultConfigurationName = Release;
		};
		64A72B7C2A7979D000F6651D /* Build configuration list for PBXNativeTarget "TheraCareTests" */ = {
			isa = XCConfigurationList;
			buildConfigurations = (
				64A72B7D2A7979D000F6651D /* Debug */,
				64A72B7E2A7979D000F6651D /* Release */,
			);
			defaultConfigurationIsVisible = 0;
			defaultConfigurationName = Release;
		};
		64A72B7F2A7979D000F6651D /* Build configuration list for PBXNativeTarget "TheraCareUITests" */ = {
			isa = XCConfigurationList;
			buildConfigurations = (
				64A72B802A7979D000F6651D /* Debug */,
				64A72B812A7979D000F6651D /* Release */,
			);
			defaultConfigurationIsVisible = 0;
			defaultConfigurationName = Release;
		};
/* End XCConfigurationList section */
	};
	rootObject = 64A72B4D2A7979CE00F6651D /* Project object */;
}
